Microsoft Visual Studio Solution File, Format Version 12.00
# Visual Studio Version 18
VisualStudioVersion = 18.3.11312.210
MinimumVisualStudioVersion = 10.0.40219.1
Project("{FAE04EC0-301F-11D3-BF4B-00C04F79EFBC}") = "ZombiePlague.Api", "ZombiePlague.Api\ZombiePlague.Api.csproj", "{68147316-F4BB-4DCC-B3A2-FCAE0B9E8B3D}"
EndProject
Project("{FAE04EC0-301F-11D3-BF4B-00C04F79EFBC}") = "Economy.Core", "Economy.Core\Economy.Core.csproj", "{31DCDAB9-5EDF-4C7E-B7E5-5FA02D773F85}"
EndProject
Project("{FAE04EC0-301F-11D3-BF4B-00C04F79EFBC}") = "ZombiePlague.Core", "ZombiePlague.Core\ZombiePlague.Core.csproj", "{5284465A-77EE-4D74-8C4C-51EDABBFFC7E}"
EndProject
Project("{FAE04EC0-301F-11D3-BF4B-00C04F79EFBC}") = "ZombiePlague.Core.Tests", "ZombiePlague.Core.Tests\ZombiePlague.Core.Tests.csproj", "{6D8E72E1-B26B-4D9C-A4DF-58A8AC685F4E}"
EndProject
Project("{FAE04EC0-301F-11D3-BF4B-00C04F79EFBC}") = "Common.Di", "Common.Di\Common.Di.csproj", "{D3AFF91C-6556-4783-AEAF-9B21A4EE2D76}"
EndProject
Project("{FAE04EC0-301F-11D3-BF4B-00C04F79EFBC}") = "Common.Di.Tests", "Common.Di.Tests\Common.Di.Tests.csproj", "{76267D83-B326-4C99-977B-880476BF50B1}"
EndProject
Project("{FAE04EC0-301F-11D3-BF4B-00C04F79EFBC}") = "Economy.Api", "Economy.Api\Economy.Api.csproj", "{6296B5E4-E4DC-4B85-9089-C21DEF305FC0}"
EndProject
Project("{FAE04EC0-301F-11D3-BF4B-00C04F79EFBC}") = "DamageNotify.Core", "DamageNotify.Core\DamageNotify.Core.csproj", "{46B0A7F4-5314-4D03-813C-61E6BE6AADD2}"
EndProject
Project("{FAE04EC0-301F-11D3-BF4B-00C04F79EFBC}") = "ScreenFade.Core", "ScreenFade.Core\ScreenFade.Core.csproj", "{0C412993-6958-4598-80E7-4C8E447F827F}"
EndProject
Project("{FAE04EC0-301F-11D3-BF4B-00C04F79EFBC}") = "ResetScore.Core", "ResetScore.Core\ResetScore.Core.csproj", "{3A04F94B-82DC-40AB-AB2B-1980EE8D257C}"
EndProject
Project("{FAE04EC0-301F-11D3-BF4B-00C04F79EFBC}") = "SupplyBox.Core", "SupplyBox.Core\SupplyBox.Core.csproj", "{85EC96BB-DD9D-4534-989F-B408505391E4}"
EndProject
Project("{FAE04EC0-301F-11D3-BF4B-00C04F79EFBC}") = "SupplyBox.Api", "SupplyBox.Api\SupplyBox.Api.csproj", "{69F5BBBB-6F79-4521-B3FE-2EF9DD67138D}"
EndProject
Project("{FAE04EC0-301F-11D3-BF4B-00C04F79EFBC}") = "InfoNotify.Core", "InfoNotify.Core\InfoNotify.Core.csproj", "{B30C39BB-FBCE-4396-BF4D-1662EF01354D}"
EndProject
Project("{FAE04EC0-301F-11D3-BF4B-00C04F79EFBC}") = "RoundRatingNotify.Core", "RoundRatingNotify\RoundRatingNotify.Core.csproj", "{50860648-D3E1-49A6-93D7-BA02FD48319F}"
EndProject
Project("{FAE04EC0-301F-11D3-BF4B-00C04F79EFBC}") = "CustomKnife.Core", "CustomKnife.Core\CustomKnife.Core.csproj", "{E440E235-0310-4B87-8607-EB59FF94ACA4}"
EndProject
Project("{FAE04EC0-301F-11D3-BF4B-00C04F79EFBC}") = "CustomKnife.Core.Tests", "CustomKnife.Core.Tests\CustomKnife.Core.Tests.csproj", "{AA908C93-633E-4F62-9BC5-35A0C761BE71}"
EndProject
Project("{FAE04EC0-301F-11D3-BF4B-00C04F79EFBC}") = "Common.Effects", "Common.Effects\Common.Effects.csproj", "{EFF43B98-1A01-483C-8A56-84D62DA6D4D1}"
EndProject
Project("{FAE04EC0-301F-11D3-BF4B-00C04F79EFBC}") = "CustomEquipment.Core", "CustomEquipment.Core\CustomEquipment.Core.csproj", "{0323FD52-CEC1-4EEE-B8C8-CCA57B214101}"
EndProject
Project("{FAE04EC0-301F-11D3-BF4B-00C04F79EFBC}") = "CustomEquipment.Core.Tests", "CustomEquipment.Core.Tests\CustomEquipment.Core.Tests.csproj", "{96F183B9-47AF-4A1D-91DD-7D1D30C6124A}"
EndProject
Project("{FAE04EC0-301F-11D3-BF4B-00C04F79EFBC}") = "Common.Math", "Common.Math\Common.Math.csproj", "{C2812F07-EA45-4FED-8FCF-36981BABD487}"
EndProject
Project("{FAE04EC0-301F-11D3-BF4B-00C04F79EFBC}") = "Menu.Core", "Menu.Core\Menu.Core.csproj", "{2E536165-5D54-4886-86B5-822544CE0407}"
EndProject
Project("{FAE04EC0-301F-11D3-BF4B-00C04F79EFBC}") = "Menu.Api", "Menu.Api\Menu.Api.csproj", "{B452DECD-56C9-4177-9F0E-7726C33AE40A}"
EndProject
Project("{FAE04EC0-301F-11D3-BF4B-00C04F79EFBC}") = "CustomEquipment.Api", "CustomEquipment.Api\CustomEquipment.Api.csproj", "{4F30ACB2-C7BA-407D-BCFA-814DBFCDBD5F}"
EndProject
Project("{FAE04EC0-301F-11D3-BF4B-00C04F79EFBC}") = "MovementUnlocker", "MovementUnlocker\MovementUnlocker.csproj", "{9C91D572-5FFB-4A7D-9740-8BC2401E97C1}"
EndProject
Project("{FAE04EC0-301F-11D3-BF4B-00C04F79EFBC}") = "Common.Database", "Common.Database\Common.Database.csproj", "{05448527-9492-4777-8594-45BA7B5E4A2E}"
EndProject
Project("{FAE04EC0-301F-11D3-BF4B-00C04F79EFBC}") = "Common.Hooks", "Common.Hooks\Common.Hooks.csproj", "{BB48492F-DB1E-41BD-ADBD-EE3258AAA744}"
EndProject
Project("{FAE04EC0-301F-11D3-BF4B-00C04F79EFBC}") = "Admin.Core", "Admin.Core\Admin.Core.csproj", "{2A87220A-0000-457E-ADD3-1B8B2AE518A1}"
EndProject
Project("{FAE04EC0-301F-11D3-BF4B-00C04F79EFBC}") = "Admin.Api", "Admin.Api\Admin.Api.csproj", "{E8BEFFD5-9B39-4780-9DF6-11EC27FEB685}"
EndProject
Project("{FAE04EC0-301F-11D3-BF4B-00C04F79EFBC}") = "Statistics.Core", "Statistics.Core\Statistics.Core.csproj", "{A1D4E49E-8B8C-4B56-A781-4E8850172C17}"
EndProject
Project("{FAE04EC0-301F-11D3-BF4B-00C04F79EFBC}") = "Statistics.Core.Tests", "Statistics.Core.Tests\Statistics.Core.Tests.csproj", "{D059816F-C5A2-48D0-9B0E-D20C59A01C4E}"
EndProject
Project("{FAE04EC0-301F-11D3-BF4B-00C04F79EFBC}") = "Metrics.Api", "Metrics.Api\Metrics.Api.csproj", "{9F756D0A-4A89-4621-9D97-3D4A4C8D0301}"
EndProject
Project("{FAE04EC0-301F-11D3-BF4B-00C04F79EFBC}") = "Metrics.Core", "Metrics.Core\Metrics.Core.csproj", "{50E87A9C-3C71-4B79-9F37-6D0A91EC8402}"
EndProject
Project("{FAE04EC0-301F-11D3-BF4B-00C04F79EFBC}") = "Metrics.Core.Tests", "Metrics.Core.Tests\Metrics.Core.Tests.csproj", "{2B94C6A7-EF1C-4968-91F0-843E0BBE9503}"
EndProject
Project("{FAE04EC0-301F-11D3-BF4B-00C04F79EFBC}") = "Advertisement.Core", "Advertisement.Core\Advertisement.Core.csproj", "{6A5B5C92-55A6-4C44-8A66-C5FB9B5724D2}"
EndProject
Project("{FAE04EC0-301F-11D3-BF4B-00C04F79EFBC}") = "Advertisement.Api", "Advertisement.Api\Advertisement.Api.csproj", "{FA9E8E98-3E51-47C0-94E2-F8B734F66A5C}"
EndProject
Project("{FAE04EC0-301F-11D3-BF4B-00C04F79EFBC}") = "Advertisement.Core.Tests", "Advertisement.Core.Tests\Advertisement.Core.Tests.csproj", "{C1E6CE0F-05A9-4384-8E60-72F4B55B712E}"
EndProject
Project("{FAE04EC0-301F-11D3-BF4B-00C04F79EFBC}") = "Localization.Api", "Localization.Api\Localization.Api.csproj", "{D831EA52-44A0-4F3B-84D7-74E4D41A8A11}"
EndProject
Project("{FAE04EC0-301F-11D3-BF4B-00C04F79EFBC}") = "Localization.Core", "Localization.Core\Localization.Core.csproj", "{B4E47F6D-7BC7-4D2A-9B71-7F1A0B6D29C2}"
EndProject
Project("{FAE04EC0-301F-11D3-BF4B-00C04F79EFBC}") = "Localization.Core.Tests", "Localization.Core.Tests\Localization.Core.Tests.csproj", "{59D8BB6E-1DA2-41D4-AE7B-C7FC4E04E963}"
EndProject
Project("{FAE04EC0-301F-11D3-BF4B-00C04F79EFBC}") = "Shop.Api", "Shop.Api\Shop.Api.csproj", "{1D2DE250-C3E3-42BD-A3C1-3A7654A0844F}"
EndProject
Project("{FAE04EC0-301F-11D3-BF4B-00C04F79EFBC}") = "Shop.Core", "Shop.Core\Shop.Core.csproj", "{2E820020-EC15-445D-914D-3C50E3B504DB}"
EndProject
Project("{FAE04EC0-301F-11D3-BF4B-00C04F79EFBC}") = "Shop.Core.Tests", "Shop.Core.Tests\Shop.Core.Tests.csproj", "{A28D4A2E-9777-40A8-90CF-D7C8C8B1A7B4}"
EndProject
Project("{FAE04EC0-301F-11D3-BF4B-00C04F79EFBC}") = "Common.Hooks.Tests", "Common.Hooks.Tests\Common.Hooks.Tests.csproj", "{48B9F70F-594B-4E2D-8BE0-9358E6EAB25A}"
EndProject
Project("{FAE04EC0-301F-11D3-BF4B-00C04F79EFBC}") = "SupplyBox.Core.Tests", "SupplyBox.Core.Tests\SupplyBox.Core.Tests.csproj", "{EDC22FC7-AE83-45D5-A973-F4F6D159C61D}"
EndProject
Global
    GlobalSection(SolutionConfigurationPlatforms) = preSolution
        Debug|Any CPU = Debug|Any CPU
        Release|Any CPU = Release|Any CPU
    EndGlobalSection
    GlobalSection(ProjectConfigurationPlatforms) = postSolution
        {1D2DE250-C3E3-42BD-A3C1-3A7654A0844F}.Debug|Any CPU.ActiveCfg = Debug|Any CPU
        {1D2DE250-C3E3-42BD-A3C1-3A7654A0844F}.Debug|Any CPU.Build.0 = Debug|Any CPU
        {1D2DE250-C3E3-42BD-A3C1-3A7654A0844F}.Release|Any CPU.ActiveCfg = Release|Any CPU
        {1D2DE250-C3E3-42BD-A3C1-3A7654A0844F}.Release|Any CPU.Build.0 = Release|Any CPU
        {2E820020-EC15-445D-914D-3C50E3B504DB}.Debug|Any CPU.ActiveCfg = Debug|Any CPU
        {2E820020-EC15-445D-914D-3C50E3B504DB}.Debug|Any CPU.Build.0 = Debug|Any CPU
        {2E820020-EC15-445D-914D-3C50E3B504DB}.Release|Any CPU.ActiveCfg = Release|Any CPU
        {2E820020-EC15-445D-914D-3C50E3B504DB}.Release|Any CPU.Build.0 = Release|Any CPU
        {A28D4A2E-9777-40A8-90CF-D7C8C8B1A7B4}.Debug|Any CPU.ActiveCfg = Debug|Any CPU
        {A28D4A2E-9777-40A8-90CF-D7C8C8B1A7B4}.Debug|Any CPU.Build.0 = Debug|Any CPU
        {A28D4A2E-9777-40A8-90CF-D7C8C8B1A7B4}.Release|Any CPU.ActiveCfg = Release|Any CPU
        {A28D4A2E-9777-40A8-90CF-D7C8C8B1A7B4}.Release|Any CPU.Build.0 = Release|Any CPU
        {D831EA52-44A0-4F3B-84D7-74E4D41A8A11}.Debug|Any CPU.ActiveCfg = Debug|Any CPU
        {D831EA52-44A0-4F3B-84D7-74E4D41A8A11}.Debug|Any CPU.Build.0 = Debug|Any CPU
        {D831EA52-44A0-4F3B-84D7-74E4D41A8A11}.Release|Any CPU.ActiveCfg = Release|Any CPU
        {D831EA52-44A0-4F3B-84D7-74E4D41A8A11}.Release|Any CPU.Build.0 = Release|Any CPU
        {B4E47F6D-7BC7-4D2A-9B71-7F1A0B6D29C2}.Debug|Any CPU.ActiveCfg = Debug|Any CPU
        {B4E47F6D-7BC7-4D2A-9B71-7F1A0B6D29C2}.Debug|Any CPU.Build.0 = Debug|Any CPU
        {B4E47F6D-7BC7-4D2A-9B71-7F1A0B6D29C2}.Release|Any CPU.ActiveCfg = Release|Any CPU
        {B4E47F6D-7BC7-4D2A-9B71-7F1A0B6D29C2}.Release|Any CPU.Build.0 = Release|Any CPU
        {59D8BB6E-1DA2-41D4-AE7B-C7FC4E04E963}.Debug|Any CPU.ActiveCfg = Debug|Any CPU
        {59D8BB6E-1DA2-41D4-AE7B-C7FC4E04E963}.Debug|Any CPU.Build.0 = Debug|Any CPU
        {59D8BB6E-1DA2-41D4-AE7B-C7FC4E04E963}.Release|Any CPU.ActiveCfg = Release|Any CPU
        {59D8BB6E-1DA2-41D4-AE7B-C7FC4E04E963}.Release|Any CPU.Build.0 = Release|Any CPU
        {48B9F70F-594B-4E2D-8BE0-9358E6EAB25A}.Debug|Any CPU.ActiveCfg = Debug|Any CPU
        {48B9F70F-594B-4E2D-8BE0-9358E6EAB25A}.Debug|Any CPU.Build.0 = Debug|Any CPU
        {48B9F70F-594B-4E2D-8BE0-9358E6EAB25A}.Release|Any CPU.ActiveCfg = Release|Any CPU
        {48B9F70F-594B-4E2D-8BE0-9358E6EAB25A}.Release|Any CPU.Build.0 = Release|Any CPU
        {68147316-F4BB-4DCC-B3A2-FCAE0B9E8B3D}.Debug|Any CPU.ActiveCfg = Debug|Any CPU
        {68147316-F4BB-4DCC-B3A2-FCAE0B9E8B3D}.Debug|Any CPU.Build.0 = Debug|Any CPU
        {68147316-F4BB-4DCC-B3A2-FCAE0B9E8B3D}.Release|Any CPU.ActiveCfg = Release|Any CPU
        {68147316-F4BB-4DCC-B3A2-FCAE0B9E8B3D}.Release|Any CPU.Build.0 = Release|Any CPU
        {31DCDAB9-5EDF-4C7E-B7E5-5FA02D773F85}.Debug|Any CPU.ActiveCfg = Debug|Any CPU
        {31DCDAB9-5EDF-4C7E-B7E5-5FA02D773F85}.Debug|Any CPU.Build.0 = Debug|Any CPU
        {31DCDAB9-5EDF-4C7E-B7E5-5FA02D773F85}.Release|Any CPU.ActiveCfg = Release|Any CPU
        {31DCDAB9-5EDF-4C7E-B7E5-5FA02D773F85}.Release|Any CPU.Build.0 = Release|Any CPU
        {5284465A-77EE-4D74-8C4C-51EDABBFFC7E}.Debug|Any CPU.ActiveCfg = Debug|Any CPU
        {5284465A-77EE-4D74-8C4C-51EDABBFFC7E}.Debug|Any CPU.Build.0 = Debug|Any CPU
        {5284465A-77EE-4D74-8C4C-51EDABBFFC7E}.Release|Any CPU.ActiveCfg = Release|Any CPU
        {5284465A-77EE-4D74-8C4C-51EDABBFFC7E}.Release|Any CPU.Build.0 = Release|Any CPU
        {6D8E72E1-B26B-4D9C-A4DF-58A8AC685F4E}.Debug|Any CPU.ActiveCfg = Debug|Any CPU
        {6D8E72E1-B26B-4D9C-A4DF-58A8AC685F4E}.Debug|Any CPU.Build.0 = Debug|Any CPU
        {6D8E72E1-B26B-4D9C-A4DF-58A8AC685F4E}.Release|Any CPU.ActiveCfg = Release|Any CPU
        {6D8E72E1-B26B-4D9C-A4DF-58A8AC685F4E}.Release|Any CPU.Build.0 = Release|Any CPU
        {D3AFF91C-6556-4783-AEAF-9B21A4EE2D76}.Debug|Any CPU.ActiveCfg = Debug|Any CPU
        {D3AFF91C-6556-4783-AEAF-9B21A4EE2D76}.Debug|Any CPU.Build.0 = Debug|Any CPU
        {D3AFF91C-6556-4783-AEAF-9B21A4EE2D76}.Release|Any CPU.ActiveCfg = Release|Any CPU
        {D3AFF91C-6556-4783-AEAF-9B21A4EE2D76}.Release|Any CPU.Build.0 = Release|Any CPU
        {76267D83-B326-4C99-977B-880476BF50B1}.Debug|Any CPU.ActiveCfg = Debug|Any CPU
        {76267D83-B326-4C99-977B-880476BF50B1}.Debug|Any CPU.Build.0 = Debug|Any CPU
        {76267D83-B326-4C99-977B-880476BF50B1}.Release|Any CPU.ActiveCfg = Release|Any CPU
        {76267D83-B326-4C99-977B-880476BF50B1}.Release|Any CPU.Build.0 = Release|Any CPU
        {6296B5E4-E4DC-4B85-9089-C21DEF305FC0}.Debug|Any CPU.ActiveCfg = Debug|Any CPU
        {6296B5E4-E4DC-4B85-9089-C21DEF305FC0}.Debug|Any CPU.Build.0 = Debug|Any CPU
        {6296B5E4-E4DC-4B85-9089-C21DEF305FC0}.Release|Any CPU.ActiveCfg = Release|Any CPU
        {6296B5E4-E4DC-4B85-9089-C21DEF305FC0}.Release|Any CPU.Build.0 = Release|Any CPU
        {46B0A7F4-5314-4D03-813C-61E6BE6AADD2}.Debug|Any CPU.ActiveCfg = Debug|Any CPU
        {46B0A7F4-5314-4D03-813C-61E6BE6AADD2}.Debug|Any CPU.Build.0 = Debug|Any CPU
        {46B0A7F4-5314-4D03-813C-61E6BE6AADD2}.Release|Any CPU.ActiveCfg = Release|Any CPU
        {46B0A7F4-5314-4D03-813C-61E6BE6AADD2}.Release|Any CPU.Build.0 = Release|Any CPU
        {0C412993-6958-4598-80E7-4C8E447F827F}.Debug|Any CPU.ActiveCfg = Debug|Any CPU
        {0C412993-6958-4598-80E7-4C8E447F827F}.Debug|Any CPU.Build.0 = Debug|Any CPU
        {0C412993-6958-4598-80E7-4C8E447F827F}.Release|Any CPU.ActiveCfg = Release|Any CPU
        {0C412993-6958-4598-80E7-4C8E447F827F}.Release|Any CPU.Build.0 = Release|Any CPU
        {3A04F94B-82DC-40AB-AB2B-1980EE8D257C}.Debug|Any CPU.ActiveCfg = Debug|Any CPU
        {3A04F94B-82DC-40AB-AB2B-1980EE8D257C}.Debug|Any CPU.Build.0 = Debug|Any CPU
        {3A04F94B-82DC-40AB-AB2B-1980EE8D257C}.Release|Any CPU.ActiveCfg = Release|Any CPU
        {3A04F94B-82DC-40AB-AB2B-1980EE8D257C}.Release|Any CPU.Build.0 = Release|Any CPU
        {85EC96BB-DD9D-4534-989F-B408505391E4}.Debug|Any CPU.ActiveCfg = Debug|Any CPU
        {85EC96BB-DD9D-4534-989F-B408505391E4}.Debug|Any CPU.Build.0 = Debug|Any CPU
        {85EC96BB-DD9D-4534-989F-B408505391E4}.Release|Any CPU.ActiveCfg = Release|Any CPU
        {85EC96BB-DD9D-4534-989F-B408505391E4}.Release|Any CPU.Build.0 = Release|Any CPU
        {69F5BBBB-6F79-4521-B3FE-2EF9DD67138D}.Debug|Any CPU.ActiveCfg = Debug|Any CPU
        {69F5BBBB-6F79-4521-B3FE-2EF9DD67138D}.Debug|Any CPU.Build.0 = Debug|Any CPU
        {69F5BBBB-6F79-4521-B3FE-2EF9DD67138D}.Release|Any CPU.ActiveCfg = Release|Any CPU
        {69F5BBBB-6F79-4521-B3FE-2EF9DD67138D}.Release|Any CPU.Build.0 = Release|Any CPU
        {B30C39BB-FBCE-4396-BF4D-1662EF01354D}.Debug|Any CPU.ActiveCfg = Debug|Any CPU
        {B30C39BB-FBCE-4396-BF4D-1662EF01354D}.Debug|Any CPU.Build.0 = Debug|Any CPU
        {B30C39BB-FBCE-4396-BF4D-1662EF01354D}.Release|Any CPU.ActiveCfg = Release|Any CPU
        {B30C39BB-FBCE-4396-BF4D-1662EF01354D}.Release|Any CPU.Build.0 = Release|Any CPU
        {50860648-D3E1-49A6-93D7-BA02FD48319F}.Debug|Any CPU.ActiveCfg = Debug|Any CPU
        {50860648-D3E1-49A6-93D7-BA02FD48319F}.Debug|Any CPU.Build.0 = Debug|Any CPU
        {50860648-D3E1-49A6-93D7-BA02FD48319F}.Release|Any CPU.ActiveCfg = Release|Any CPU
        {50860648-D3E1-49A6-93D7-BA02FD48319F}.Release|Any CPU.Build.0 = Release|Any CPU
        {E440E235-0310-4B87-8607-EB59FF94ACA4}.Debug|Any CPU.ActiveCfg = Debug|Any CPU
        {E440E235-0310-4B87-8607-EB59FF94ACA4}.Debug|Any CPU.Build.0 = Debug|Any CPU
        {E440E235-0310-4B87-8607-EB59FF94ACA4}.Release|Any CPU.ActiveCfg = Release|Any CPU
        {E440E235-0310-4B87-8607-EB59FF94ACA4}.Release|Any CPU.Build.0 = Release|Any CPU
        {AA908C93-633E-4F62-9BC5-35A0C761BE71}.Debug|Any CPU.ActiveCfg = Debug|Any CPU
        {AA908C93-633E-4F62-9BC5-35A0C761BE71}.Debug|Any CPU.Build.0 = Debug|Any CPU
        {AA908C93-633E-4F62-9BC5-35A0C761BE71}.Release|Any CPU.ActiveCfg = Release|Any CPU
        {AA908C93-633E-4F62-9BC5-35A0C761BE71}.Release|Any CPU.Build.0 = Release|Any CPU
        {EFF43B98-1A01-483C-8A56-84D62DA6D4D1}.Debug|Any CPU.ActiveCfg = Debug|Any CPU
        {EFF43B98-1A01-483C-8A56-84D62DA6D4D1}.Debug|Any CPU.Build.0 = Debug|Any CPU
        {EFF43B98-1A01-483C-8A56-84D62DA6D4D1}.Release|Any CPU.ActiveCfg = Release|Any CPU
        {EFF43B98-1A01-483C-8A56-84D62DA6D4D1}.Release|Any CPU.Build.0 = Release|Any CPU
        {0323FD52-CEC1-4EEE-B8C8-CCA57B214101}.Debug|Any CPU.ActiveCfg = Debug|Any CPU
        {0323FD52-CEC1-4EEE-B8C8-CCA57B214101}.Debug|Any CPU.Build.0 = Debug|Any CPU
        {0323FD52-CEC1-4EEE-B8C8-CCA57B214101}.Release|Any CPU.ActiveCfg = Release|Any CPU
        {0323FD52-CEC1-4EEE-B8C8-CCA57B214101}.Release|Any CPU.Build.0 = Release|Any CPU
        {96F183B9-47AF-4A1D-91DD-7D1D30C6124A}.Debug|Any CPU.ActiveCfg = Debug|Any CPU
        {96F183B9-47AF-4A1D-91DD-7D1D30C6124A}.Debug|Any CPU.Build.0 = Debug|Any CPU
        {96F183B9-47AF-4A1D-91DD-7D1D30C6124A}.Release|Any CPU.ActiveCfg = Release|Any CPU
        {96F183B9-47AF-4A1D-91DD-7D1D30C6124A}.Release|Any CPU.Build.0 = Release|Any CPU
        {C2812F07-EA45-4FED-8FCF-36981BABD487}.Debug|Any CPU.ActiveCfg = Debug|Any CPU
        {C2812F07-EA45-4FED-8FCF-36981BABD487}.Debug|Any CPU.Build.0 = Debug|Any CPU
        {C2812F07-EA45-4FED-8FCF-36981BABD487}.Release|Any CPU.ActiveCfg = Release|Any CPU
        {C2812F07-EA45-4FED-8FCF-36981BABD487}.Release|Any CPU.Build.0 = Release|Any CPU
        {2E536165-5D54-4886-86B5-822544CE0407}.Debug|Any CPU.ActiveCfg = Debug|Any CPU
        {2E536165-5D54-4886-86B5-822544CE0407}.Debug|Any CPU.Build.0 = Debug|Any CPU
        {2E536165-5D54-4886-86B5-822544CE0407}.Release|Any CPU.ActiveCfg = Release|Any CPU
        {2E536165-5D54-4886-86B5-822544CE0407}.Release|Any CPU.Build.0 = Release|Any CPU
        {B452DECD-56C9-4177-9F0E-7726C33AE40A}.Debug|Any CPU.ActiveCfg = Debug|Any CPU
        {B452DECD-56C9-4177-9F0E-7726C33AE40A}.Debug|Any CPU.Build.0 = Debug|Any CPU
        {B452DECD-56C9-4177-9F0E-7726C33AE40A}.Release|Any CPU.ActiveCfg = Release|Any CPU
        {B452DECD-56C9-4177-9F0E-7726C33AE40A}.Release|Any CPU.Build.0 = Release|Any CPU
        {4F30ACB2-C7BA-407D-BCFA-814DBFCDBD5F}.Debug|Any CPU.ActiveCfg = Debug|Any CPU
        {4F30ACB2-C7BA-407D-BCFA-814DBFCDBD5F}.Debug|Any CPU.Build.0 = Debug|Any CPU
        {4F30ACB2-C7BA-407D-BCFA-814DBFCDBD5F}.Release|Any CPU.ActiveCfg = Release|Any CPU
        {4F30ACB2-C7BA-407D-BCFA-814DBFCDBD5F}.Release|Any CPU.Build.0 = Release|Any CPU
        {9C91D572-5FFB-4A7D-9740-8BC2401E97C1}.Debug|Any CPU.ActiveCfg = Debug|Any CPU
        {9C91D572-5FFB-4A7D-9740-8BC2401E97C1}.Debug|Any CPU.Build.0 = Debug|Any CPU
        {9C91D572-5FFB-4A7D-9740-8BC2401E97C1}.Release|Any CPU.ActiveCfg = Release|Any CPU
        {9C91D572-5FFB-4A7D-9740-8BC2401E97C1}.Release|Any CPU.Build.0 = Release|Any CPU
        {05448527-9492-4777-8594-45BA7B5E4A2E}.Debug|Any CPU.ActiveCfg = Debug|Any CPU
        {05448527-9492-4777-8594-45BA7B5E4A2E}.Debug|Any CPU.Build.0 = Debug|Any CPU
        {05448527-9492-4777-8594-45BA7B5E4A2E}.Release|Any CPU.ActiveCfg = Release|Any CPU
        {05448527-9492-4777-8594-45BA7B5E4A2E}.Release|Any CPU.Build.0 = Release|Any CPU
        {BB48492F-DB1E-41BD-ADBD-EE3258AAA744}.Debug|Any CPU.ActiveCfg = Debug|Any CPU
        {BB48492F-DB1E-41BD-ADBD-EE3258AAA744}.Debug|Any CPU.Build.0 = Debug|Any CPU
        {BB48492F-DB1E-41BD-ADBD-EE3258AAA744}.Release|Any CPU.ActiveCfg = Release|Any CPU
        {BB48492F-DB1E-41BD-ADBD-EE3258AAA744}.Release|Any CPU.Build.0 = Release|Any CPU
        {2A87220A-0000-457E-ADD3-1B8B2AE518A1}.Debug|Any CPU.ActiveCfg = Debug|Any CPU
        {2A87220A-0000-457E-ADD3-1B8B2AE518A1}.Debug|Any CPU.Build.0 = Debug|Any CPU
        {2A87220A-0000-457E-ADD3-1B8B2AE518A1}.Release|Any CPU.ActiveCfg = Release|Any CPU
        {2A87220A-0000-457E-ADD3-1B8B2AE518A1}.Release|Any CPU.Build.0 = Release|Any CPU
        {E8BEFFD5-9B39-4780-9DF6-11EC27FEB685}.Debug|Any CPU.ActiveCfg = Debug|Any CPU
        {E8BEFFD5-9B39-4780-9DF6-11EC27FEB685}.Debug|Any CPU.Build.0 = Debug|Any CPU
        {E8BEFFD5-9B39-4780-9DF6-11EC27FEB685}.Release|Any CPU.ActiveCfg = Release|Any CPU
        {E8BEFFD5-9B39-4780-9DF6-11EC27FEB685}.Release|Any CPU.Build.0 = Release|Any CPU
        {A1D4E49E-8B8C-4B56-A781-4E8850172C17}.Debug|Any CPU.ActiveCfg = Debug|Any CPU
        {A1D4E49E-8B8C-4B56-A781-4E8850172C17}.Debug|Any CPU.Build.0 = Debug|Any CPU
        {A1D4E49E-8B8C-4B56-A781-4E8850172C17}.Release|Any CPU.ActiveCfg = Release|Any CPU
        {A1D4E49E-8B8C-4B56-A781-4E8850172C17}.Release|Any CPU.Build.0 = Release|Any CPU
        {D059816F-C5A2-48D0-9B0E-D20C59A01C4E}.Debug|Any CPU.ActiveCfg = Debug|Any CPU
        {D059816F-C5A2-48D0-9B0E-D20C59A01C4E}.Debug|Any CPU.Build.0 = Debug|Any CPU
        {D059816F-C5A2-48D0-9B0E-D20C59A01C4E}.Release|Any CPU.ActiveCfg = Release|Any CPU
        {D059816F-C5A2-48D0-9B0E-D20C59A01C4E}.Release|Any CPU.Build.0 = Release|Any CPU
        {9F756D0A-4A89-4621-9D97-3D4A4C8D0301}.Debug|Any CPU.ActiveCfg = Debug|Any CPU
        {9F756D0A-4A89-4621-9D97-3D4A4C8D0301}.Debug|Any CPU.Build.0 = Debug|Any CPU
        {9F756D0A-4A89-4621-9D97-3D4A4C8D0301}.Release|Any CPU.ActiveCfg = Release|Any CPU
        {9F756D0A-4A89-4621-9D97-3D4A4C8D0301}.Release|Any CPU.Build.0 = Release|Any CPU
        {50E87A9C-3C71-4B79-9F37-6D0A91EC8402}.Debug|Any CPU.ActiveCfg = Debug|Any CPU
        {50E87A9C-3C71-4B79-9F37-6D0A91EC8402}.Debug|Any CPU.Build.0 = Debug|Any CPU
        {50E87A9C-3C71-4B79-9F37-6D0A91EC8402}.Release|Any CPU.ActiveCfg = Release|Any CPU
        {50E87A9C-3C71-4B79-9F37-6D0A91EC8402}.Release|Any CPU.Build.0 = Release|Any CPU
        {2B94C6A7-EF1C-4968-91F0-843E0BBE9503}.Debug|Any CPU.ActiveCfg = Debug|Any CPU
        {2B94C6A7-EF1C-4968-91F0-843E0BBE9503}.Debug|Any CPU.Build.0 = Debug|Any CPU
        {2B94C6A7-EF1C-4968-91F0-843E0BBE9503}.Release|Any CPU.ActiveCfg = Release|Any CPU
        {2B94C6A7-EF1C-4968-91F0-843E0BBE9503}.Release|Any CPU.Build.0 = Release|Any CPU
        {6A5B5C92-55A6-4C44-8A66-C5FB9B5724D2}.Debug|Any CPU.ActiveCfg = Debug|Any CPU
        {6A5B5C92-55A6-4C44-8A66-C5FB9B5724D2}.Debug|Any CPU.Build.0 = Debug|Any CPU
        {6A5B5C92-55A6-4C44-8A66-C5FB9B5724D2}.Release|Any CPU.ActiveCfg = Release|Any CPU
        {6A5B5C92-55A6-4C44-8A66-C5FB9B5724D2}.Release|Any CPU.Build.0 = Release|Any CPU
        {FA9E8E98-3E51-47C0-94E2-F8B734F66A5C}.Debug|Any CPU.ActiveCfg = Debug|Any CPU
        {FA9E8E98-3E51-47C0-94E2-F8B734F66A5C}.Debug|Any CPU.Build.0 = Debug|Any CPU
        {FA9E8E98-3E51-47C0-94E2-F8B734F66A5C}.Release|Any CPU.ActiveCfg = Release|Any CPU
        {FA9E8E98-3E51-47C0-94E2-F8B734F66A5C}.Release|Any CPU.Build.0 = Release|Any CPU
        {C1E6CE0F-05A9-4384-8E60-72F4B55B712E}.Debug|Any CPU.ActiveCfg = Debug|Any CPU
        {C1E6CE0F-05A9-4384-8E60-72F4B55B712E}.Debug|Any CPU.Build.0 = Debug|Any CPU
        {C1E6CE0F-05A9-4384-8E60-72F4B55B712E}.Release|Any CPU.ActiveCfg = Release|Any CPU
        {C1E6CE0F-05A9-4384-8E60-72F4B55B712E}.Release|Any CPU.Build.0 = Release|Any CPU
        {EDC22FC7-AE83-45D5-A973-F4F6D159C61D}.Debug|Any CPU.ActiveCfg = Debug|Any CPU
        {EDC22FC7-AE83-45D5-A973-F4F6D159C61D}.Debug|Any CPU.Build.0 = Debug|Any CPU
        {EDC22FC7-AE83-45D5-A973-F4F6D159C61D}.Release|Any CPU.ActiveCfg = Release|Any CPU
        {EDC22FC7-AE83-45D5-A973-F4F6D159C61D}.Release|Any CPU.Build.0 = Release|Any CPU
    EndGlobalSection
    GlobalSection(SolutionProperties) = preSolution
        HideSolutionNode = FALSE
    EndGlobalSection
    GlobalSection(ExtensibilityGlobals) = postSolution
        SolutionGuid = {8C8AD146-E9F5-4AE7-BF87-B39C9034D9C2}
    EndGlobalSection
EndGlobal
